Microsoft Visual Studio Solution File, Format Version 11.00
# Visual Studio 2008

Project("{3C921372-78E7-B2DC-8DD1-8EC176B279DD}") = "Demo v.2", "Assembly-CSharp.csproj", "{2F0753EB-7BFE-F6D2-92B0-B1CD8ED7FB27}"
EndProject
Project("{3C921372-78E7-B2DC-8DD1-8EC176B279DD}") = "Demo v.2", "Assembly-CSharp-Editor.csproj", "{028405CB-6386-867B-0ED4-149E06C83771}"
EndProject
Global
	GlobalSection(SolutionConfigurationPlatforms) = preSolution
		Debug|Any CPU = Debug|Any CPU
		Release|Any CPU = Release|Any CPU
	EndGlobalSection
	GlobalSection(ProjectConfigurationPlatforms) = postSolution
		{2F0753EB-7BFE-F6D2-92B0-B1CD8ED7FB27}.Debug|Any CPU.ActiveCfg = Debug|Any CPU
		{2F0753EB-7BFE-F6D2-92B0-B1CD8ED7FB27}.Debug|Any CPU.Build.0 = Debug|Any CPU
		{2F0753EB-7BFE-F6D2-92B0-B1CD8ED7FB27}.Release|Any CPU.ActiveCfg = Release|Any CPU
		{2F0753EB-7BFE-F6D2-92B0-B1CD8ED7FB27}.Release|Any CPU.Build.0 = Release|Any CPU
		{028405CB-6386-867B-0ED4-149E06C83771}.Debug|Any CPU.ActiveCfg = Debug|Any CPU
		{028405CB-6386-867B-0ED4-149E06C83771}.Debug|Any CPU.Build.0 = Debug|Any CPU
		{028405CB-6386-867B-0ED4-149E06C83771}.Release|Any CPU.ActiveCfg = Release|Any CPU
		{028405CB-6386-867B-0ED4-149E06C83771}.Release|Any CPU.Build.0 = Release|Any CPU
	EndGlobalSection
	GlobalSection(SolutionProperties) = preSolution
		HideSolutionNode = FALSE
	EndGlobalSection
	GlobalSection(MonoDevelopProperties) = preSolution
		StartupItem = Assembly-CSharp.csproj
	EndGlobalSection
EndGlobal
